github.com/BurntSushi/toml v1.2.1 h1:9F2/+DoOYIOksmaJFPw1tGFy1eDnIJXg+UHjuD8lTak=
github.com/BurntSushi/toml v1.2.1/go.mod h1:CxXYINrC8qIiEnFrOxCa7Jy5BFHlXnUU2pbicEuybxQ=
github.com/karrick/gobp v1.2.3 h1:BEHDAcMN3weMqjAwUEgSD9UqAY9pq5hxS0mzaWrTvAQ=
github.com/karrick/gobp v1.2.3/go.mod h1:XKQhVKzjmJmoYrYcU0ayG7k1WJLt56/DxIHxQVO0v24=
github.com/karrick/gohm/v2 v2.17.1 h1:E/YePW0jC/RG8ACKPjghW91W01P9nyjCmqDFP5ZKVf8=
github.com/karrick/gohm/v2 v2.17.1/go.mod h1:dK3vap5/EXrpo20TWZL5NUcQTUEfyU5Rkm/YoM1lm0Y=
github.com/karrick/golf v1.4.0 h1:9i9HnUh7uCyUFJhIqg311HBibw4f2pbGldi0ZM2FhaQ=
github.com/karrick/golf v1.4.0/go.mod h1:qGN0IhcEL+IEgCXp00RvH32UP59vtwc8w5YcIdArNRk=
github.com/karrick/gologs v0.16.0 h1:Knea02RN0Sm3ECwUju7WAMu41LmfhClddgJ8UQnd/2c=
github.com/karrick/gologs v0.16.0/go.mod h1:IinhKlyVMG5EJN1Y3+pkKqWrtNNPtJGu3w+/9dZPXWg=
github.com/karrick/gorill v1.10.2/go.mod h1:RlCfg3XIDNF2pbami04hiO2Yj7k8es4rIs3dJONvCs0=
github.com/karrick/gorill v1.10.3 h1:8mu611ldQeSkXPd+tQAtoFBWzCO9wUOPpluEpmYHzRc=
github.com/karrick/gorill v1.10.3/go.mod h1:DPkTxWITT+bjjMKRrX7ay9pTk/W7lKR8hkndLJ+Osmc=
github.com/natefinch/lumberjack v2.0.0+incompatible h1:4QJd3OLAMgj7ph+yZTuX13Ld4UpgHp07nNdFX7mqFfM=
github.com/natefinch/lumberjack v2.0.0+incompatible/go.mod h1:Wi9p2TTF5DG5oU+6YfsmYQpsTIOm0B1VNzQg9Mw6nPk=
gopkg.in/check.v1 v0.0.0-20161208181325-20d25e280405 h1:yhCVgyC4o1eVCa2tZl7eS0r+SDo693bJlVdllGtEeKM=
gopkg.in/check.v1 v0.0.0-20161208181325-20d25e280405/go.mod h1:Co6ibVJAznAaIkqp8huTwlJQCZ016jof/cbN4VW5Yz0=
gopkg.in/natefinch/lumberjack.v2 v2.0.0 h1:1Lc07Kr7qY4U2YPouBjpCLxpiyxIVoxqXgkXLknAOE8=
gopkg.in/natefinch/lumberjack.v2 v2.0.0/go.mod h1:l0ndWWf7gzL7RNwBG7wST/UCcT4T24xpD6X8LsfU/+k=
gopkg.in/yaml.v2 v2.4.0 h1:D8xgwECY7CYvx+Y2n4sBz93Jn9JRvxdiyyo8CTfuKaY=
gopkg.in/yaml.v2 v2.4.0/go.mod h1:RDklbk79AGWmwhnvt/jBztapEOGDOx6ZbXqjP6csGnQ=
